// !$*UTF8*$!
{
	archiveVersion = 1;
	classes = {
	};
	objectVersion = 46;
	objects = {

/* Begin PBXBuildFile section */
		7B04F13A1C4750BB003C2E03 /* AppDelegate.swift in Sources */ = {isa = PBXBuildFile; fileRef = 7B04F1391C4750BB003C2E03 /* AppDelegate.swift */; };
		7B04F13F1C4750BB003C2E03 /* Main.storyboard in Resources */ = {isa = PBXBuildFile; fileRef = 7B04F13D1C4750BB003C2E03 /* Main.storyboard */; };
		7B04F1421C4750BB003C2E03 /* Skillz.xcdatamodeld in Sources */ = {isa = PBXBuildFile; fileRef = 7B04F1401C4750BB003C2E03 /* Skillz.xcdatamodeld */; };
		7B04F1441C4750BB003C2E03 /* Assets.xcassets in Resources */ = {isa = PBXBuildFile; fileRef = 7B04F1431C4750BB003C2E03 /* Assets.xcassets */; };
		7B04F1471C4750BB003C2E03 /* LaunchScreen.storyboard in Resources */ = {isa = PBXBuildFile; fileRef = 7B04F1451C4750BB003C2E03 /* LaunchScreen.storyboard */; };
		7B04F1521C4750BB003C2E03 /* SkillzTests.swift in Sources */ = {isa = PBXBuildFile; fileRef = 7B04F1511C4750BB003C2E03 /* SkillzTests.swift */; };
		7B04F1671C475614003C2E03 /* RecordVideoViewController.swift in Sources */ = {isa = PBXBuildFile; fileRef = 7B04F1611C475614003C2E03 /* RecordVideoViewController.swift */; };
		7B04F1691C475614003C2E03 /* ViewController.swift in Sources */ = {isa = PBXBuildFile; fileRef = 7B04F1641C475614003C2E03 /* ViewController.swift */; };
		7B3CB0441C5043780025EF7D /* FeedModel.swift in Sources */ = {isa = PBXBuildFile; fileRef = 7B3CB0431C5043780025EF7D /* FeedModel.swift */; };
		7B4E65D41C7C0AE100F05662 /* VideoPreviewCell.swift in Sources */ = {isa = PBXBuildFile; fileRef = 7B4E65D31C7C0AE100F05662 /* VideoPreviewCell.swift */; };
		7B4E65D61C7C0B1900F05662 /* VideoPreviewCell.xib in Resources */ = {isa = PBXBuildFile; fileRef = 7B4E65D51C7C0B1900F05662 /* VideoPreviewCell.xib */; };
		7B4E65D91C7C230400F05662 /* RecordVideoCellTableViewCell.swift in Sources */ = {isa = PBXBuildFile; fileRef = 7B4E65D71C7C230400F05662 /* RecordVideoCellTableViewCell.swift */; };
		7B4E65DA1C7C230400F05662 /* RecordVideoCellTableViewCell.xib in Resources */ = {isa = PBXBuildFile; fileRef = 7B4E65D81C7C230400F05662 /* RecordVideoCellTableViewCell.xib */; };
		7B7842C61C7591CA00D5E8C5 /* WatchAndSpeakModel.swift in Sources */ = {isa = PBXBuildFile; fileRef = 7B7842C51C7591CA00D5E8C5 /* WatchAndSpeakModel.swift */; };
		7B7842CA1C75932300D5E8C5 /* WatchAndSpeakController.swift in Sources */ = {isa = PBXBuildFile; fileRef = 7B7842C91C75932300D5E8C5 /* WatchAndSpeakController.swift */; };
		7BC260801C5EDAE9006070F7 /* video1.mp4 in Resources */ = {isa = PBXBuildFile; fileRef = 7BC2607E1C5EDAE9006070F7 /* video1.mp4 */; };
		7BC260811C5EDAE9006070F7 /* video2.mp4 in Resources */ = {isa = PBXBuildFile; fileRef = 7BC2607F1C5EDAE9006070F7 /* video2.mp4 */; };
		7BF9D2341C4757EC00AAE727 /* CapturePhotoViewController.swift in Sources */ = {isa = PBXBuildFile; fileRef = 7BF9D2321C4757EC00AAE727 /* CapturePhotoViewController.swift */; };
		7BF9D2371C475F4A00AAE727 /* VideoCell.swift in Sources */ = {isa = PBXBuildFile; fileRef = 7BF9D2361C475F4A00AAE727 /* VideoCell.swift */; };
/* End PBXBuildFile section */

/* Begin PBXContainerItemProxy section */
		7B04F14E1C4750BB003C2E03 /* PBXContainerItemProxy */ = {
			isa = PBXContainerItemProxy;
			containerPortal = 7B04F12E1C4750BB003C2E03 /* Project object */;
			proxyType = 1;
			remoteGlobalIDString = 7B04F1351C4750BB003C2E03;
			remoteInfo = Skillz;
		};
/* End PBXContainerItemProxy section */

/* Begin PBXFileReference section */
		7B04F1361C4750BB003C2E03 /* Skillz.app */ = {isa = PBXFileReference; explicitFileType = wrapper.application; includeInIndex = 0; path = Skillz.app; sourceTree = BUILT_PRODUCTS_DIR; };
		7B04F1391C4750BB003C2E03 /* AppDelegate.swift */ = {isa = PBXFileReference; lastKnownFileType = sourcecode.swift; path = AppDelegate.swift; sourceTree = "<group>"; };
		7B04F13E1C4750BB003C2E03 /* Base */ = {isa = PBXFileReference; lastKnownFileType = file.storyboard; name = Base; path = Base.lproj/Main.storyboard; sourceTree = "<group>"; };
		7B04F1411C4750BB003C2E03 /* Skillz.xcdatamodel */ = {isa = PBXFileReference; lastKnownFileType = wrapper.xcdatamodel; path = Skillz.xcdatamodel; sourceTree = "<group>"; };
		7B04F1431C4750BB003C2E03 /* Assets.xcassets */ = {isa = PBXFileReference; lastKnownFileType = folder.assetcatalog; path = Assets.xcassets; sourceTree = "<group>"; };
		7B04F1461C4750BB003C2E03 /* Base */ = {isa = PBXFileReference; lastKnownFileType = file.storyboard; name = Base; path = Base.lproj/LaunchScreen.storyboard; sourceTree = "<group>"; };
		7B04F1481C4750BB003C2E03 /* Info.plist */ = {isa = PBXFileReference; lastKnownFileType = text.plist.xml; path = Info.plist; sourceTree = "<group>"; };
		7B04F14D1C4750BB003C2E03 /* SkillzTests.xctest */ = {isa = PBXFileReference; explicitFileType = wrapper.cfbundle; includeInIndex = 0; path = SkillzTests.xctest; sourceTree = BUILT_PRODUCTS_DIR; };
		7B04F1511C4750BB003C2E03 /* SkillzTests.swift */ = {isa = PBXFileReference; lastKnownFileType = sourcecode.swift; path = SkillzTests.swift; sourceTree = "<group>"; };
		7B04F1531C4750BB003C2E03 /* Info.plist */ = {isa = PBXFileReference; lastKnownFileType = text.plist.xml; path = Info.plist; sourceTree = "<group>"; };
		7B04F15C1C4751D7003C2E03 /* Skillz.entitlements */ = {isa = PBXFileReference; lastKnownFileType = text.xml; path = Skillz.entitlements; sourceTree = "<group>"; };
		7B04F1611C475614003C2E03 /* RecordVideoViewController.swift */ = {isa = PBXFileReference; fileEncoding = 4; lastKnownFileType = sourcecode.swift; path = RecordVideoViewController.swift; sourceTree = "<group>"; };
		7B04F1641C475614003C2E03 /* ViewController.swift */ = {isa = PBXFileReference; fileEncoding = 4; lastKnownFileType = sourcecode.swift; path = ViewController.swift; sourceTree = "<group>"; };
		7B3CB0431C5043780025EF7D /* FeedModel.swift */ = {isa = PBXFileReference; fileEncoding = 4; lastKnownFileType = sourcecode.swift; path = FeedModel.swift; sourceTree = "<group>"; };
		7B4E65D31C7C0AE100F05662 /* VideoPreviewCell.swift */ = {isa = PBXFileReference; fileEncoding = 4; lastKnownFileType = sourcecode.swift; path = VideoPreviewCell.swift; sourceTree = "<group>"; };
		7B4E65D51C7C0B1900F05662 /* VideoPreviewCell.xib */ = {isa = PBXFileReference; fileEncoding = 4; lastKnownFileType = file.xib; path = VideoPreviewCell.xib; sourceTree = "<group>"; };
		7B4E65D71C7C230400F05662 /* RecordVideoCellTableViewCell.swift */ = {isa = PBXFileReference; fileEncoding = 4; lastKnownFileType = sourcecode.swift; path = RecordVideoCellTableViewCell.swift; sourceTree = "<group>"; };
		7B4E65D81C7C230400F05662 /* RecordVideoCellTableViewCell.xib */ = {isa = PBXFileReference; fileEncoding = 4; lastKnownFileType = file.xib; path = RecordVideoCellTableViewCell.xib; sourceTree = "<group>"; };
		7B7842C51C7591CA00D5E8C5 /* WatchAndSpeakModel.swift */ = {isa = PBXFileReference; fileEncoding = 4; lastKnownFileType = sourcecode.swift; path = WatchAndSpeakModel.swift; sourceTree = "<group>"; };
		7B7842C91C75932300D5E8C5 /* WatchAndSpeakController.swift */ = {isa = PBXFileReference; fileEncoding = 4; lastKnownFileType = sourcecode.swift; path = WatchAndSpeakController.swift; sourceTree = "<group>"; };
		7BC2607E1C5EDAE9006070F7 /* video1.mp4 */ = {isa = PBXFileReference; lastKnownFileType = file; path = video1.mp4; sourceTree = "<group>"; };
		7BC2607F1C5EDAE9006070F7 /* video2.mp4 */ = {isa = PBXFileReference; lastKnownFileType = file; path = video2.mp4; sourceTree = "<group>"; };
		7BF9D2321C4757EC00AAE727 /* CapturePhotoViewController.swift */ = {isa = PBXFileReference; fileEncoding = 4; lastKnownFileType = sourcecode.swift; path = CapturePhotoViewController.swift; sourceTree = "<group>"; };
		7BF9D2361C475F4A00AAE727 /* VideoCell.swift */ = {isa = PBXFileReference; fileEncoding = 4; lastKnownFileType = sourcecode.swift; path = VideoCell.swift; sourceTree = "<group>"; };
/* End PBXFileReference section */

/* Begin PBXFrameworksBuildPhase section */
		7B04F1331C4750BB003C2E03 /* Frameworks */ = {
			isa = PBXFrameworksBuildPhase;
			buildActionMask = 2147483647;
			files = (
			);
			runOnlyForDeploymentPostprocessing = 0;
		};
		7B04F14A1C4750BB003C2E03 /* Frameworks */ = {
			isa = PBXFrameworksBuildPhase;
			buildActionMask = 2147483647;
			files = (
			);
			runOnlyForDeploymentPostprocessing = 0;
		};
/* End PBXFrameworksBuildPhase section */

/* Begin PBXGroup section */
		7B04F12D1C4750BB003C2E03 = {
			isa = PBXGroup;
			children = (
				7B04F1381C4750BB003C2E03 /* Skillz */,
				7B04F1501C4750BB003C2E03 /* SkillzTests */,
				7B04F1371C4750BB003C2E03 /* Products */,
			);
			sourceTree = "<group>";
		};
		7B04F1371C4750BB003C2E03 /* Products */ = {
			isa = PBXGroup;
			children = (
				7B04F1361C4750BB003C2E03 /* Skillz.app */,
				7B04F14D1C4750BB003C2E03 /* SkillzTests.xctest */,
			);
			name = Products;
			sourceTree = "<group>";
		};
		7B04F1381C4750BB003C2E03 /* Skillz */ = {
			isa = PBXGroup;
			children = (
				7BC2607E1C5EDAE9006070F7 /* video1.mp4 */,
				7BC2607F1C5EDAE9006070F7 /* video2.mp4 */,
				7B04F1391C4750BB003C2E03 /* AppDelegate.swift */,
				7BF9D2321C4757EC00AAE727 /* CapturePhotoViewController.swift */,
				7B04F1611C475614003C2E03 /* RecordVideoViewController.swift */,
				7B04F1641C475614003C2E03 /* ViewController.swift */,
				7B3CB0431C5043780025EF7D /* FeedModel.swift */,
				7BF9D2361C475F4A00AAE727 /* VideoCell.swift */,
				7B7842C51C7591CA00D5E8C5 /* WatchAndSpeakModel.swift */,
				7B7842C91C75932300D5E8C5 /* WatchAndSpeakController.swift */,
				7B04F15C1C4751D7003C2E03 /* Skillz.entitlements */,
				7B04F13D1C4750BB003C2E03 /* Main.storyboard */,
				7B04F1431C4750BB003C2E03 /* Assets.xcassets */,
				7B04F1451C4750BB003C2E03 /* LaunchScreen.storyboard */,
				7B04F1481C4750BB003C2E03 /* Info.plist */,
				7B04F1401C4750BB003C2E03 /* Skillz.xcdatamodeld */,
				7B4E65D31C7C0AE100F05662 /* VideoPreviewCell.swift */,
				7B4E65D51C7C0B1900F05662 /* VideoPreviewCell.xib */,
				7B4E65D71C7C230400F05662 /* RecordVideoCellTableViewCell.swift */,
				7B4E65D81C7C230400F05662 /* RecordVideoCellTableViewCell.xib */,
			);
			path = Skillz;
			sourceTree = "<group>";
		};
		7B04F1501C4750BB003C2E03 /* SkillzTests */ = {
			isa = PBXGroup;
			children = (
				7B04F1511C4750BB003C2E03 /* SkillzTests.swift */,
				7B04F1531C4750BB003C2E03 /* Info.plist */,
			);
			path = SkillzTests;
			sourceTree = "<group>";
		};
/* End PBXGroup section */

/* Begin PBXNativeTarget section */
		7B04F1351C4750BB003C2E03 /* Skillz */ = {
			isa = PBXNativeTarget;
			buildConfigurationList = 7B04F1561C4750BC003C2E03 /* Build configuration list for PBXNativeTarget "Skillz" */;
			buildPhases = (
				7B04F1321C4750BB003C2E03 /* Sources */,
				7B04F1331C4750BB003C2E03 /* Frameworks */,
				7B04F1341C4750BB003C2E03 /* Resources */,
			);
			buildRules = (
			);
			dependencies = (
			);
			name = Skillz;
			productName = Skillz;
			productReference = 7B04F1361C4750BB003C2E03 /* Skillz.app */;
			productType = "com.apple.product-type.application";
		};
		7B04F14C1C4750BB003C2E03 /* SkillzTests */ = {
			isa = PBXNativeTarget;
			buildConfigurationList = 7B04F1591C4750BC003C2E03 /* Build configuration list for PBXNativeTarget "SkillzTests" */;
			buildPhases = (
				7B04F1491C4750BB003C2E03 /* Sources */,
				7B04F14A1C4750BB003C2E03 /* Frameworks */,
				7B04F14B1C4750BB003C2E03 /* Resources */,
			);
			buildRules = (
			);
			dependencies = (
				7B04F14F1C4750BB003C2E03 /* PBXTargetDependency */,
			);
			name = SkillzTests;
			productName = SkillzTests;
			productReference = 7B04F14D1C4750BB003C2E03 /* SkillzTests.xctest */;
			productType = "com.apple.product-type.bundle.unit-test";
		};
/* End PBXNativeTarget section */

/* Begin PBXProject section */
		7B04F12E1C4750BB003C2E03 /* Project object */ = {
			isa = PBXProject;
			attributes = {
				LastSwiftUpdateCheck = 0710;
				LastUpgradeCheck = 0710;
				ORGANIZATIONNAME = "Justin Warmkessel";
				TargetAttributes = {
					7B04F1351C4750BB003C2E03 = {
						CreatedOnToolsVersion = 7.1.1;
						DevelopmentTeam = 9J6N543K6L;
						SystemCapabilities = {
							com.apple.BackgroundModes = {
								enabled = 0;
							};
							com.apple.HealthKit = {
								enabled = 0;
							};
						};
					};
					7B04F14C1C4750BB003C2E03 = {
						CreatedOnToolsVersion = 7.1.1;
						TestTargetID = 7B04F1351C4750BB003C2E03;
					};
				};
			};
			buildConfigurationList = 7B04F1311C4750BB003C2E03 /* Build configuration list for PBXProject "Skillz" */;
			compatibilityVersion = "Xcode 3.2";
			developmentRegion = English;
			hasScannedForEncodings = 0;
			knownRegions = (
				en,
				Base,
			);
			mainGroup = 7B04F12D1C4750BB003C2E03;
			productRefGroup = 7B04F1371C4750BB003C2E03 /* Products */;
			projectDirPath = "";
			projectRoot = "";
			targets = (
				7B04F1351C4750BB003C2E03 /* Skillz */,
				7B04F14C1C4750BB003C2E03 /* SkillzTests */,
			);
		};
/* End PBXProject section */

/* Begin PBXResourcesBuildPhase section */
		7B04F1341C4750BB003C2E03 /* Resources */ = {
			isa = PBXResourcesBuildPhase;
			buildActionMask = 2147483647;
			files = (
				7B4E65D61C7C0B1900F05662 /* VideoPreviewCell.xib in Resources */,
				7BC260801C5EDAE9006070F7 /* video1.mp4 in Resources */,
				7BC260811C5EDAE9006070F7 /* video2.mp4 in Resources */,
				7B04F1471C4750BB003C2E03 /* LaunchScreen.storyboard in Resources */,
				7B4E65DA1C7C230400F05662 /* RecordVideoCellTableViewCell.xib in Resources */,
				7B04F1441C4750BB003C2E03 /* Assets.xcassets in Resources */,
				7B04F13F1C4750BB003C2E03 /* Main.storyboard in Resources */,
			);
			runOnlyForDeploymentPostprocessing = 0;
		};
		7B04F14B1C4750BB003C2E03 /* Resources */ = {
			isa = PBXResourcesBuildPhase;
			buildActionMask = 2147483647;
			files = (
			);
			runOnlyForDeploymentPostprocessing = 0;
		};
/* End PBXResourcesBuildPhase section */

/* Begin PBXSourcesBuildPhase section */
		7B04F1321C4750BB003C2E03 /* Sources */ = {
			isa = PBXSourcesBuildPhase;
			buildActionMask = 2147483647;
			files = (
				7BF9D2341C4757EC00AAE727 /* CapturePhotoViewController.swift in Sources */,
				7BF9D2371C475F4A00AAE727 /* VideoCell.swift in Sources */,
				7B7842C61C7591CA00D5E8C5 /* WatchAndSpeakModel.swift in Sources */,
				7B04F1671C475614003C2E03 /* RecordVideoViewController.swift in Sources */,
				7B4E65D41C7C0AE100F05662 /* VideoPreviewCell.swift in Sources */,
				7B04F1421C4750BB003C2E03 /* Skillz.xcdatamodeld in Sources */,
				7B7842CA1C75932300D5E8C5 /* WatchAndSpeakController.swift in Sources */,
				7B04F1691C475614003C2E03 /* ViewController.swift in Sources */,
				7B04F13A1C4750BB003C2E03 /* AppDelegate.swift in Sources */,
				7B3CB0441C5043780025EF7D /* FeedModel.swift in Sources */,
				7B4E65D91C7C230400F05662 /* RecordVideoCellTableViewCell.swift in Sources */,
			);
			runOnlyForDeploymentPostprocessing = 0;
		};
		7B04F1491C4750BB003C2E03 /* Sources */ = {
			isa = PBXSourcesBuildPhase;
			buildActionMask = 2147483647;
			files = (
				7B04F1521C4750BB003C2E03 /* SkillzTests.swift in Sources */,
			);
			runOnlyForDeploymentPostprocessing = 0;
		};
/* End PBXSourcesBuildPhase section */

/* Begin PBXTargetDependency section */
		7B04F14F1C4750BB003C2E03 /* PBXTargetDependency */ = {
			isa = PBXTargetDependency;
			target = 7B04F1351C4750BB003C2E03 /* Skillz */;
			targetProxy = 7B04F14E1C4750BB003C2E03 /* PBXContainerItemProxy */;
		};
/* End PBXTargetDependency section */

/* Begin PBXVariantGroup section */
		7B04F13D1C4750BB003C2E03 /* Main.storyboard */ = {
			isa = PBXVariantGroup;
			children = (
				7B04F13E1C4750BB003C2E03 /* Base */,
			);
			name = Main.storyboard;
			sourceTree = "<group>";
		};
		7B04F1451C4750BB003C2E03 /* LaunchScreen.storyboard */ = {
			isa = PBXVariantGroup;
			children = (
				7B04F1461C4750BB003C2E03 /* Base */,
			);
			name = LaunchScreen.storyboard;
			sourceTree = "<group>";
		};
/* End PBXVariantGroup section */

/* Begin XCBuildConfiguration section */
		7B04F1541C4750BC003C2E03 /* Debug */ = {
			isa = XCBuildConfiguration;
			buildSettings = {
				ALWAYS_SEARCH_USER_PATHS = NO;
				CLANG_CXX_LANGUAGE_STANDARD = "gnu++0x";
				CLANG_CXX_LIBRARY = "libc++";
				CLANG_ENABLE_MODULES = YES;
				CLANG_ENABLE_OBJC_ARC = YES;
				CLANG_WARN_BOOL_CONVERSION = YES;
				CLANG_WARN_CONSTANT_CONVERSION = YES;
				CLANG_WARN_DIRECT_OBJC_ISA_USAGE = YES_ERROR;
				CLANG_WARN_EMPTY_BODY = YES;
				CLANG_WARN_ENUM_CONVERSION = YES;
				CLANG_WARN_INT_CONVERSION = YES;
				CLANG_WARN_OBJC_ROOT_CLASS = YES_ERROR;
				CLANG_WARN_UNREACHABLE_CODE = YES;
				CLANG_WARN__DUPLICATE_METHOD_MATCH = YES;
				"CODE_SIGN_IDENTITY[sdk=iphoneos*]" = "iPhone Developer";
				COPY_PHASE_STRIP = NO;
				DEBUG_INFORMATION_FORMAT = dwarf;
				ENABLE_STRICT_OBJC_MSGSEND = YES;
				ENABLE_TESTABILITY = YES;
				GCC_C_LANGUAGE_STANDARD = gnu99;
				GCC_DYNAMIC_NO_PIC = NO;
				GCC_NO_COMMON_BLOCKS = YES;
				GCC_OPTIMIZATION_LEVEL = 0;
				GCC_PREPROCESSOR_DEFINITIONS = (
					"DEBUG=1",
					"$(inherited)",
				);
				GCC_WARN_64_TO_32_BIT_CONVERSION = YES;
				GCC_WARN_ABOUT_RETURN_TYPE = YES_ERROR;
				GCC_WARN_UNDECLARED_SELECTOR = YES;
				GCC_WARN_UNINITIALIZED_AUTOS = YES_AGGRESSIVE;
				GCC_WARN_UNUSED_FUNCTION = YES;
				GCC_WARN_UNUSED_VARIABLE = YES;
				IPHONEOS_DEPLOYMENT_TARGET = 9.1;
				MTL_ENABLE_DEBUG_INFO = YES;
				ONLY_ACTIVE_ARCH = YES;
				SDKROOT = iphoneos;
				SWIFT_OPTIMIZATION_LEVEL = "-Onone";
			};
			name = Debug;
		};
		7B04F1551C4750BC003C2E03 /* Release */ = {
			isa = XCBuildConfiguration;
			buildSettings = {
				ALWAYS_SEARCH_USER_PATHS = NO;
				CLANG_CXX_LANGUAGE_STANDARD = "gnu++0x";
				CLANG_CXX_LIBRARY = "libc++";
				CLANG_ENABLE_MODULES = YES;
				CLANG_ENABLE_OBJC_ARC = YES;
				CLANG_WARN_BOOL_CONVERSION = YES;
				CLANG_WARN_CONSTANT_CONVERSION = YES;
				CLANG_WARN_DIRECT_OBJC_ISA_USAGE = YES_ERROR;
				CLANG_WARN_EMPTY_BODY = YES;
				CLANG_WARN_ENUM_CONVERSION = YES;
				CLANG_WARN_INT_CONVERSION = YES;
				CLANG_WARN_OBJC_ROOT_CLASS = YES_ERROR;
				CLANG_WARN_UNREACHABLE_CODE = YES;
				CLANG_WARN__DUPLICATE_METHOD_MATCH = YES;
				"CODE_SIGN_IDENTITY[sdk=iphoneos*]" = "iPhone Developer";
				COPY_PHASE_STRIP = NO;
				DEBUG_INFORMATION_FORMAT = "dwarf-with-dsym";
				ENABLE_NS_ASSERTIONS = NO;
				ENABLE_STRICT_OBJC_MSGSEND = YES;
				GCC_C_LANGUAGE_STANDARD = gnu99;
				GCC_NO_COMMON_BLOCKS = YES;
				GCC_WARN_64_TO_32_BIT_CONVERSION = YES;
				GCC_WARN_ABOUT_RETURN_TYPE = YES_ERROR;
				GCC_WARN_UNDECLARED_SELECTOR = YES;
				GCC_WARN_UNINITIALIZED_AUTOS = YES_AGGRESSIVE;
				GCC_WARN_UNUSED_FUNCTION = YES;
				GCC_WARN_UNUSED_VARIABLE = YES;
				IPHONEOS_DEPLOYMENT_TARGET = 9.1;
				MTL_ENABLE_DEBUG_INFO = NO;
				SDKROOT = iphoneos;
				VALIDATE_PRODUCT = YES;
			};
			name = Release;
		};
		7B04F1571C4750BC003C2E03 /* Debug */ = {
			isa = XCBuildConfiguration;
			buildSettings = {
				ASSETCATALOG_COMPILER_APPICON_NAME = AppIcon;
				CODE_SIGN_IDENTITY = "iPhone Developer";
				"CODE_SIGN_IDENTITY[sdk=iphoneos*]" = "iPhone Developer";
				INFOPLIST_FILE = Skillz/Info.plist;
				LD_RUNPATH_SEARCH_PATHS = "$(inherited) @executable_path/Frameworks";
				PRODUCT_BUNDLE_IDENTIFIER = com.mythworthy.Skillz;
				PRODUCT_NAME = "$(TARGET_NAME)";
				PROVISIONING_PROFILE = "";
			};
			name = Debug;
		};
		7B04F1581C4750BC003C2E03 /* Release */ = {
			isa = XCBuildConfiguration;
			buildSettings = {
				ASSETCATALOG_COMPILER_APPICON_NAME = AppIcon;
				CODE_SIGN_IDENTITY = "iPhone Developer";
				"CODE_SIGN_IDENTITY[sdk=iphoneos*]" = "iPhone Developer";
				INFOPLIST_FILE = Skillz/Info.plist;
				LD_RUNPATH_SEARCH_PATHS = "$(inherited) @executable_path/Frameworks";
				PRODUCT_BUNDLE_IDENTIFIER = com.mythworthy.Skillz;
				PRODUCT_NAME = "$(TARGET_NAME)";
				PROVISIONING_PROFILE = "";
			};
			name = Release;
		};
		7B04F15A1C4750BC003C2E03 /* Debug */ = {
			isa = XCBuildConfiguration;
			buildSettings = {
				BUNDLE_LOADER = "$(TEST_HOST)";
				INFOPLIST_FILE = SkillzTests/Info.plist;
				LD_RUNPATH_SEARCH_PATHS = "$(inherited) @executable_path/Frameworks @loader_path/Frameworks";
				PRODUCT_BUNDLE_IDENTIFIER = com.mythworthy.SkillzTests;
				PRODUCT_NAME = "$(TARGET_NAME)";
				TEST_HOST = "$(BUILT_PRODUCTS_DIR)/Skillz.app/Skillz";
			};
			name = Debug;
		};
		7B04F15B1C4750BC003C2E03 /* Release */ = {
			isa = XCBuildConfiguration;
			buildSettings = {
				BUNDLE_LOADER = "$(TEST_HOST)";
				INFOPLIST_FILE = SkillzTests/Info.plist;
				LD_RUNPATH_SEARCH_PATHS = "$(inherited) @executable_path/Frameworks @loader_path/Frameworks";
				PRODUCT_BUNDLE_IDENTIFIER = com.mythworthy.SkillzTests;
				PRODUCT_NAME = "$(TARGET_NAME)";
				TEST_HOST = "$(BUILT_PRODUCTS_DIR)/Skillz.app/Skillz";
			};
			name = Release;
		};
/* End XCBuildConfiguration section */

/* Begin XCConfigurationList section */
		7B04F1311C4750BB003C2E03 /* Build configuration list for PBXProject "Skillz" */ = {
			isa = XCConfigurationList;
			buildConfigurations = (
				7B04F1541C4750BC003C2E03 /* Debug */,
				7B04F1551C4750BC003C2E03 /* Release */,
			);
			defaultConfigurationIsVisible = 0;
			defaultConfigurationName = Release;
		};
		7B04F1561C4750BC003C2E03 /* Build configuration list for PBXNativeTarget "Skillz" */ = {
			isa = XCConfigurationList;
			buildConfigurations = (
				7B04F1571C4750BC003C2E03 /* Debug */,
				7B04F1581C4750BC003C2E03 /* Release */,
			);
			defaultConfigurationIsVisible = 0;
			defaultConfigurationName = Release;
		};
		7B04F1591C4750BC003C2E03 /* Build configuration list for PBXNativeTarget "SkillzTests" */ = {
			isa = XCConfigurationList;
			buildConfigurations = (
				7B04F15A1C4750BC003C2E03 /* Debug */,
				7B04F15B1C4750BC003C2E03 /* Release */,
			);
			defaultConfigurationIsVisible = 0;
			defaultConfigurationName = Release;
		};
/* End XCConfigurationList section */

/* Begin XCVersionGroup section */
		7B04F1401C4750BB003C2E03 /* Skillz.xcdatamodeld */ = {
			isa = XCVersionGroup;
			children = (
				7B04F1411C4750BB003C2E03 /* Skillz.xcdatamodel */,
			);
			currentVersion = 7B04F1411C4750BB003C2E03 /* Skillz.xcdatamodel */;
			path = Skillz.xcdatamodeld;
			sourceTree = "<group>";
			versionGroupType = wrapper.xcdatamodel;
		};
/* End XCVersionGroup section */
	};
	rootObject = 7B04F12E1C4750BB003C2E03 /* Project object */;
}
